
Microsoft Visual Studio Solution File, Format Version 12.00
Project("{FAE04EC0-301F-11D3-BF4B-00C04F79EFBC}") = "FileLoader", "FileLoader\FileLoader.csproj", "{05442F08-4700-425F-A7B1-2497FC5EA3C7}"
EndProject
Project("{FAE04EC0-301F-11D3-BF4B-00C04F79EFBC}") = "WebRequest", "WebRequest\WebRequest.csproj", "{A64777D5-E55C-4EE8-9C1A-D0410B624349}"
EndProject
Project("{FAE04EC0-301F-11D3-BF4B-00C04F79EFBC}") = "FileWebRequest", "FileWebRequest\FileWebRequest.csproj", "{474670CB-DBA3-47AA-B620-295EA3D19A15}"
EndProject
Project("{FAE04EC0-301F-11D3-BF4B-00C04F79EFBC}") = "DNS", "DNS\DNS.csproj", "{5535C736-40AA-4E6D-8D63-79581C3867A7}"
EndProject
Global
	GlobalSection(SolutionConfigurationPlatforms) = preSolution
		Debug|Any CPU = Debug|Any CPU
		Release|Any CPU = Release|Any CPU
	EndGlobalSection
	GlobalSection(ProjectConfigurationPlatforms) = postSolution
		{05442F08-4700-425F-A7B1-2497FC5EA3C7}.Debug|Any CPU.ActiveCfg = Debug|Any CPU
		{05442F08-4700-425F-A7B1-2497FC5EA3C7}.Debug|Any CPU.Build.0 = Debug|Any CPU
		{05442F08-4700-425F-A7B1-2497FC5EA3C7}.Release|Any CPU.ActiveCfg = Release|Any CPU
		{05442F08-4700-425F-A7B1-2497FC5EA3C7}.Release|Any CPU.Build.0 = Release|Any CPU
		{A64777D5-E55C-4EE8-9C1A-D0410B624349}.Debug|Any CPU.ActiveCfg = Debug|Any CPU
		{A64777D5-E55C-4EE8-9C1A-D0410B624349}.Debug|Any CPU.Build.0 = Debug|Any CPU
		{A64777D5-E55C-4EE8-9C1A-D0410B624349}.Release|Any CPU.ActiveCfg = Release|Any CPU
		{A64777D5-E55C-4EE8-9C1A-D0410B624349}.Release|Any CPU.Build.0 = Release|Any CPU
		{474670CB-DBA3-47AA-B620-295EA3D19A15}.Debug|Any CPU.ActiveCfg = Debug|Any CPU
		{474670CB-DBA3-47AA-B620-295EA3D19A15}.Debug|Any CPU.Build.0 = Debug|Any CPU
		{474670CB-DBA3-47AA-B620-295EA3D19A15}.Release|Any CPU.ActiveCfg = Release|Any CPU
		{474670CB-DBA3-47AA-B620-295EA3D19A15}.Release|Any CPU.Build.0 = Release|Any CPU
		{5535C736-40AA-4E6D-8D63-79581C3867A7}.Debug|Any CPU.ActiveCfg = Debug|Any CPU
		{5535C736-40AA-4E6D-8D63-79581C3867A7}.Debug|Any CPU.Build.0 = Debug|Any CPU
		{5535C736-40AA-4E6D-8D63-79581C3867A7}.Release|Any CPU.ActiveCfg = Release|Any CPU
		{5535C736-40AA-4E6D-8D63-79581C3867A7}.Release|Any CPU.Build.0 = Release|Any CPU
	EndGlobalSection
EndGlobal
